
Microsoft Visual Studio Solution File, Format Version 12.00
# Visual Studio Version 17
VisualStudioVersion = 17.13.35818.85
MinimumVisualStudioVersion = 10.0.40219.1
Project("{FAE04EC0-301F-11D3-BF4B-00C04F79EFBC}") = "ComplexNumberLibrary", "ComplexNumberLibrary\ComplexNumberLibrary.csproj", "{6F153446-C7CA-4520-8E40-E91687E4BAF7}"
EndProject
Project("{FAE04EC0-301F-11D3-BF4B-00C04F79EFBC}") = "TestProject1", "TestProject1\TestProject1.csproj", "{24B0A4F8-B310-4015-8AA8-973A8F165B13}"
EndProject
Global
	GlobalSection(SolutionConfigurationPlatforms) = preSolution
		Debug|Any CPU = Debug|Any CPU
		Release|Any CPU = Release|Any CPU
	EndGlobalSection
	GlobalSection(ProjectConfigurationPlatforms) = postSolution
		{6F153446-C7CA-4520-8E40-E91687E4BAF7}.Debug|Any CPU.ActiveCfg = Debug|Any CPU
		{6F153446-C7CA-4520-8E40-E91687E4BAF7}.Debug|Any CPU.Build.0 = Debug|Any CPU
		{6F153446-C7CA-4520-8E40-E91687E4BAF7}.Release|Any CPU.ActiveCfg = Release|Any CPU
		{6F153446-C7CA-4520-8E40-E91687E4BAF7}.Release|Any CPU.Build.0 = Release|Any CPU
		{24B0A4F8-B310-4015-8AA8-973A8F165B13}.Debug|Any CPU.ActiveCfg = Debug|Any CPU
		{24B0A4F8-B310-4015-8AA8-973A8F165B13}.Debug|Any CPU.Build.0 = Debug|Any CPU
		{24B0A4F8-B310-4015-8AA8-973A8F165B13}.Release|Any CPU.ActiveCfg = Release|Any CPU
		{24B0A4F8-B310-4015-8AA8-973A8F165B13}.Release|Any CPU.Build.0 = Release|Any CPU
	EndGlobalSection
	GlobalSection(SolutionProperties) = preSolution
		HideSolutionNode = FALSE
	EndGlobalSection
	GlobalSection(ExtensibilityGlobals) = postSolution
		SolutionGuid = {03B013FE-764C-4A84-9068-1F7CD7775338}
	EndGlobalSection
EndGlobal
