
Microsoft Visual Studio Solution File, Format Version 12.00
# Visual Studio Version 17
VisualStudioVersion = 17.11.35222.181
MinimumVisualStudioVersion = 10.0.40219.1
Project("{FAE04EC0-301F-11D3-BF4B-00C04F79EFBC}") = "ConsoleApp4", "ConsoleApp4\ConsoleApp4.csproj", "{C17BAD83-78BB-43CB-BC7F-F50BB958D39E}"
EndProject
Global
	GlobalSection(SolutionConfigurationPlatforms) = preSolution
		Debug|Any CPU = Debug|Any CPU
		Release|Any CPU = Release|Any CPU
	EndGlobalSection
	GlobalSection(ProjectConfigurationPlatforms) = postSolution
		{C17BAD83-78BB-43CB-BC7F-F50BB958D39E}.Debug|Any CPU.ActiveCfg = Debug|Any CPU
		{C17BAD83-78BB-43CB-BC7F-F50BB958D39E}.Debug|Any CPU.Build.0 = Debug|Any CPU
		{C17BAD83-78BB-43CB-BC7F-F50BB958D39E}.Release|Any CPU.ActiveCfg = Release|Any CPU
		{C17BAD83-78BB-43CB-BC7F-F50BB958D39E}.Release|Any CPU.Build.0 = Release|Any CPU
	EndGlobalSection
	GlobalSection(SolutionProperties) = preSolution
		HideSolutionNode = FALSE
	EndGlobalSection
	GlobalSection(ExtensibilityGlobals) = postSolution
		SolutionGuid = {A24E69E0-3B5F-45F3-86BC-5051E7B0B9B5}
	EndGlobalSection
EndGlobal
